
Microsoft Visual Studio Solution File, Format Version 12.00
# Visual Studio 15
VisualStudioVersion = 15.0.27703.2042
MinimumVisualStudioVersion = 10.0.40219.1
Project("{FAE04EC0-301F-11D3-BF4B-00C04F79EFBC}") = "WMCbizWeb", "WMCbizWeb\WMCbizWeb.csproj", "{5627CAD3-C559-43A4-9980-63309D8313DF}"
EndProject
Global
	GlobalSection(SolutionConfigurationPlatforms) = preSolution
		Debug|Any CPU = Debug|Any CPU
		Release|Any CPU = Release|Any CPU
	EndGlobalSection
	GlobalSection(ProjectConfigurationPlatforms) = postSolution
		{5627CAD3-C559-43A4-9980-63309D8313DF}.Debug|Any CPU.ActiveCfg = Debug|Any CPU
		{5627CAD3-C559-43A4-9980-63309D8313DF}.Debug|Any CPU.Build.0 = Debug|Any CPU
		{5627CAD3-C559-43A4-9980-63309D8313DF}.Release|Any CPU.ActiveCfg = Release|Any CPU
		{5627CAD3-C559-43A4-9980-63309D8313DF}.Release|Any CPU.Build.0 = Release|Any CPU
	EndGlobalSection
	GlobalSection(SolutionProperties) = preSolution
		HideSolutionNode = FALSE
	EndGlobalSection
	GlobalSection(ExtensibilityGlobals) = postSolution
		SolutionGuid = {41E7F204-24EB-45A8-9AE9-D64F1E69C82B}
	EndGlobalSection
EndGlobal
